
Microsoft Visual Studio Solution File, Format Version 12.00
# Visual Studio 15
VisualStudioVersion = 15.0.26228.9
MinimumVisualStudioVersion = 10.0.40219.1
Project("{FAE04EC0-301F-11D3-BF4B-00C04F79EFBC}") = "SinglyLinkedList", "SinglyLinkedList\SinglyLinkedList.csproj", "{6DA88333-DBE7-4A5D-A205-41B392067A67}"
EndProject
Project("{FAE04EC0-301F-11D3-BF4B-00C04F79EFBC}") = "SinglyLinkedListTests", "SinglyLinkedListTests\SinglyLinkedListTests.csproj", "{93873904-D5C6-4B88-A06C-8F48051992EC}"
EndProject
Global
	GlobalSection(SolutionConfigurationPlatforms) = preSolution
		Debug|Any CPU = Debug|Any CPU
		Release|Any CPU = Release|Any CPU
	EndGlobalSection
	GlobalSection(ProjectConfigurationPlatforms) = postSolution
		{6DA88333-DBE7-4A5D-A205-41B392067A67}.Debug|Any CPU.ActiveCfg = Debug|Any CPU
		{6DA88333-DBE7-4A5D-A205-41B392067A67}.Debug|Any CPU.Build.0 = Debug|Any CPU
		{6DA88333-DBE7-4A5D-A205-41B392067A67}.Release|Any CPU.ActiveCfg = Release|Any CPU
		{6DA88333-DBE7-4A5D-A205-41B392067A67}.Release|Any CPU.Build.0 = Release|Any CPU
		{93873904-D5C6-4B88-A06C-8F48051992EC}.Debug|Any CPU.ActiveCfg = Debug|Any CPU
		{93873904-D5C6-4B88-A06C-8F48051992EC}.Debug|Any CPU.Build.0 = Debug|Any CPU
		{93873904-D5C6-4B88-A06C-8F48051992EC}.Release|Any CPU.ActiveCfg = Release|Any CPU
		{93873904-D5C6-4B88-A06C-8F48051992EC}.Release|Any CPU.Build.0 = Release|Any CPU
	EndGlobalSection
	GlobalSection(SolutionProperties) = preSolution
		HideSolutionNode = FALSE
	EndGlobalSection
EndGlobal
